// !$*UTF8*$!
{
	archiveVersion = 1;
	classes = {
	};
	objectVersion = 46;
	objects = {

/* Begin PBXBuildFile section */
		BE1450F818CE0A3000E6ED45 /* Foundation.framework in Frameworks */ = {isa = PBXBuildFile; fileRef = BE1450F718CE0A3000E6ED45 /* Foundation.framework */; };
		BE1450FA18CE0A3000E6ED45 /* CoreGraphics.framework in Frameworks */ = {isa = PBXBuildFile; fileRef = BE1450F918CE0A3000E6ED45 /* CoreGraphics.framework */; };
		BE1450FC18CE0A3000E6ED45 /* UIKit.framework in Frameworks */ = {isa = PBXBuildFile; fileRef = BE1450FB18CE0A3000E6ED45 /* UIKit.framework */; };
		BE1450FE18CE0A3000E6ED45 /* CoreData.framework in Frameworks */ = {isa = PBXBuildFile; fileRef = BE1450FD18CE0A3000E6ED45 /* CoreData.framework */; };
		BE14510418CE0A3000E6ED45 /* InfoPlist.strings in Resources */ = {isa = PBXBuildFile; fileRef = BE14510218CE0A3000E6ED45 /* InfoPlist.strings */; };
		BE14510618CE0A3000E6ED45 /* main.m in Sources */ = {isa = PBXBuildFile; fileRef = BE14510518CE0A3000E6ED45 /* main.m */; };
		BE14510A18CE0A3000E6ED45 /* SMPAppDelegate.m in Sources */ = {isa = PBXBuildFile; fileRef = BE14510918CE0A3000E6ED45 /* SMPAppDelegate.m */; };
		BE14510D18CE0A3000E6ED45 /* Trini_Speak_Lite.xcdatamodeld in Sources */ = {isa = PBXBuildFile; fileRef = BE14510B18CE0A3000E6ED45 /* Trini_Speak_Lite.xcdatamodeld */; };
		BE14510F18CE0A3000E6ED45 /* Images.xcassets in Resources */ = {isa = PBXBuildFile; fileRef = BE14510E18CE0A3000E6ED45 /* Images.xcassets */; };
		BE14511618CE0A3100E6ED45 /* XCTest.framework in Frameworks */ = {isa = PBXBuildFile; fileRef = BE14511518CE0A3100E6ED45 /* XCTest.framework */; };
		BE14511718CE0A3100E6ED45 /* Foundation.framework in Frameworks */ = {isa = PBXBuildFile; fileRef = BE1450F718CE0A3000E6ED45 /* Foundation.framework */; };
		BE14511818CE0A3100E6ED45 /* UIKit.framework in Frameworks */ = {isa = PBXBuildFile; fileRef = BE1450FB18CE0A3000E6ED45 /* UIKit.framework */; };
		BE14511918CE0A3100E6ED45 /* CoreData.framework in Frameworks */ = {isa = PBXBuildFile; fileRef = BE1450FD18CE0A3000E6ED45 /* CoreData.framework */; };
		BE14512118CE0A3100E6ED45 /* InfoPlist.strings in Resources */ = {isa = PBXBuildFile; fileRef = BE14511F18CE0A3100E6ED45 /* InfoPlist.strings */; };
		BE14512318CE0A3100E6ED45 /* Trini_Speak_LiteTests.m in Sources */ = {isa = PBXBuildFile; fileRef = BE14512218CE0A3100E6ED45 /* Trini_Speak_LiteTests.m */; };
		BE14512D18CE0CDF00E6ED45 /* MainSB.storyboard in Resources */ = {isa = PBXBuildFile; fileRef = BE14512C18CE0CDF00E6ED45 /* MainSB.storyboard */; };
		BE14513518CE176B00E6ED45 /* MokoJumbies.jpg in Resources */ = {isa = PBXBuildFile; fileRef = BE14513418CE176B00E6ED45 /* MokoJumbies.jpg */; };
		BE14513818CE1A0100E6ED45 /* SMPOpeningVC.m in Sources */ = {isa = PBXBuildFile; fileRef = BE14513718CE1A0100E6ED45 /* SMPOpeningVC.m */; };
		BE14513B18CE1CF200E6ED45 /* SMPLetterVC.m in Sources */ = {isa = PBXBuildFile; fileRef = BE14513A18CE1CF200E6ED45 /* SMPLetterVC.m */; };
		BE14514418CE29ED00E6ED45 /* SMPParablesVC.m in Sources */ = {isa = PBXBuildFile; fileRef = BE14514318CE29ED00E6ED45 /* SMPParablesVC.m */; };
		BE14514718CE2D9700E6ED45 /* SMPWPCDetailsVC.m in Sources */ = {isa = PBXBuildFile; fileRef = BE14514618CE2D9700E6ED45 /* SMPWPCDetailsVC.m */; };
		BE14514A18CE2E0500E6ED45 /* SMPParablesDetailsVC.m in Sources */ = {isa = PBXBuildFile; fileRef = BE14514918CE2E0500E6ED45 /* SMPParablesDetailsVC.m */; };
		BE14514D18CE3A7900E6ED45 /* TriniDict.m in Sources */ = {isa = PBXBuildFile; fileRef = BE14514C18CE3A7900E6ED45 /* TriniDict.m */; };
		BE28AC1218E75C27006F4294 /* iAd.framework in Frameworks */ = {isa = PBXBuildFile; fileRef = BE52523A18D6312C00D5DEEC /* iAd.framework */; };
		BE30EB1A18D29CBD00C00D7E /* Trini_Speak_Lite.sqlite in Resources */ = {isa = PBXBuildFile; fileRef = BE30EB1918D29CBD00C00D7E /* Trini_Speak_Lite.sqlite */; };
/* End PBXBuildFile section */

/* Begin PBXContainerItemProxy section */
		BE14511A18CE0A3100E6ED45 /* PBXContainerItemProxy */ = {
			isa = PBXContainerItemProxy;
			containerPortal = BE1450EC18CE0A3000E6ED45 /* Project object */;
			proxyType = 1;
			remoteGlobalIDString = BE1450F318CE0A3000E6ED45;
			remoteInfo = "Trini Speak Lite";
		};
/* End PBXContainerItemProxy section */

/* Begin PBXFileReference section */
		BE1450F418CE0A3000E6ED45 /* Trini Speak Lite.app */ = {isa = PBXFileReference; explicitFileType = wrapper.application; includeInIndex = 0; path = "Trini Speak Lite.app"; sourceTree = BUILT_PRODUCTS_DIR; };
		BE1450F718CE0A3000E6ED45 /* Foundation.framework */ = {isa = PBXFileReference; lastKnownFileType = wrapper.framework; name = Foundation.framework; path = System/Library/Frameworks/Foundation.framework; sourceTree = SDKROOT; };
		BE1450F918CE0A3000E6ED45 /* CoreGraphics.framework */ = {isa = PBXFileReference; lastKnownFileType = wrapper.framework; name = CoreGraphics.framework; path = System/Library/Frameworks/CoreGraphics.framework; sourceTree = SDKROOT; };
		BE1450FB18CE0A3000E6ED45 /* UIKit.framework */ = {isa = PBXFileReference; lastKnownFileType = wrapper.framework; name = UIKit.framework; path = System/Library/Frameworks/UIKit.framework; sourceTree = SDKROOT; };
		BE1450FD18CE0A3000E6ED45 /* CoreData.framework */ = {isa = PBXFileReference; lastKnownFileType = wrapper.framework; name = CoreData.framework; path = System/Library/Frameworks/CoreData.framework; sourceTree = SDKROOT; };
		BE14510118CE0A3000E6ED45 /* Trini Speak Lite-Info.plist */ = {isa = PBXFileReference; lastKnownFileType = text.plist.xml; path = "Trini Speak Lite-Info.plist"; sourceTree = "<group>"; };
		BE14510318CE0A3000E6ED45 /* en */ = {isa = PBXFileReference; lastKnownFileType = text.plist.strings; name = en; path = en.lproj/InfoPlist.strings; sourceTree = "<group>"; };
		BE14510518CE0A3000E6ED45 /* main.m */ = {isa = PBXFileReference; lastKnownFileType = sourcecode.c.objc; path = main.m; sourceTree = "<group>"; };
		BE14510718CE0A3000E6ED45 /* Trini Speak Lite-Prefix.pch */ = {isa = PBXFileReference; lastKnownFileType = sourcecode.c.h; path = "Trini Speak Lite-Prefix.pch"; sourceTree = "<group>"; };
		BE14510818CE0A3000E6ED45 /* SMPAppDelegate.h */ = {isa = PBXFileReference; lastKnownFileType = sourcecode.c.h; path = SMPAppDelegate.h; sourceTree = "<group>"; };
		BE14510918CE0A3000E6ED45 /* SMPAppDelegate.m */ = {isa = PBXFileReference; lastKnownFileType = sourcecode.c.objc; path = SMPAppDelegate.m; sourceTree = "<group>"; };
		BE14510C18CE0A3000E6ED45 /* Trini_Speak_Lite.xcdatamodel */ = {isa = PBXFileReference; lastKnownFileType = wrapper.xcdatamodel; path = Trini_Speak_Lite.xcdatamodel; sourceTree = "<group>"; };
		BE14510E18CE0A3000E6ED45 /* Images.xcassets */ = {isa = PBXFileReference; lastKnownFileType = folder.assetcatalog; path = Images.xcassets; sourceTree = "<group>"; };
		BE14511418CE0A3100E6ED45 /* Trini Speak LiteTests.xctest */ = {isa = PBXFileReference; explicitFileType = wrapper.cfbundle; includeInIndex = 0; path = "Trini Speak LiteTests.xctest"; sourceTree = BUILT_PRODUCTS_DIR; };
		BE14511518CE0A3100E6ED45 /* XCTest.framework */ = {isa = PBXFileReference; lastKnownFileType = wrapper.framework; name = XCTest.framework; path = Library/Frameworks/XCTest.framework; sourceTree = DEVELOPER_DIR; };
		BE14511E18CE0A3100E6ED45 /* Trini Speak LiteTests-Info.plist */ = {isa = PBXFileReference; lastKnownFileType = text.plist.xml; path = "Trini Speak LiteTests-Info.plist"; sourceTree = "<group>"; };
		BE14512018CE0A3100E6ED45 /* en */ = {isa = PBXFileReference; lastKnownFileType = text.plist.strings; name = en; path = en.lproj/InfoPlist.strings; sourceTree = "<group>"; };
		BE14512218CE0A3100E6ED45 /* Trini_Speak_LiteTests.m */ = {isa = PBXFileReference; lastKnownFileType = sourcecode.c.objc; path = Trini_Speak_LiteTests.m; sourceTree = "<group>"; };
		BE14512C18CE0CDF00E6ED45 /* MainSB.storyboard */ = {isa = PBXFileReference; fileEncoding = 4; lastKnownFileType = file.storyboard; path = MainSB.storyboard; sourceTree = "<group>"; };
		BE14513418CE176B00E6ED45 /* MokoJumbies.jpg */ = {isa = PBXFileReference; lastKnownFileType = image.jpeg; path = MokoJumbies.jpg; sourceTree = "<group>"; };
		BE14513618CE1A0100E6ED45 /* SMPOpeningVC.h */ = {isa = PBXFileReference; fileEncoding = 4; lastKnownFileType = sourcecode.c.h; path = SMPOpeningVC.h; sourceTree = "<group>"; };
		BE14513718CE1A0100E6ED45 /* SMPOpeningVC.m */ = {isa = PBXFileReference; fileEncoding = 4; lastKnownFileType = sourcecode.c.objc; path = SMPOpeningVC.m; sourceTree = "<group>"; };
		BE14513918CE1CF200E6ED45 /* SMPLetterVC.h */ = {isa = PBXFileReference; fileEncoding = 4; lastKnownFileType = sourcecode.c.h; path = SMPLetterVC.h; sourceTree = "<group>"; };
		BE14513A18CE1CF200E6ED45 /* SMPLetterVC.m */ = {isa = PBXFileReference; fileEncoding = 4; lastKnownFileType = sourcecode.c.objc; path = SMPLetterVC.m; sourceTree = "<group>"; };
		BE14514218CE29ED00E6ED45 /* SMPParablesVC.h */ = {isa = PBXFileReference; fileEncoding = 4; lastKnownFileType = sourcecode.c.h; path = SMPParablesVC.h; sourceTree = "<group>"; };
		BE14514318CE29ED00E6ED45 /* SMPParablesVC.m */ = {isa = PBXFileReference; fileEncoding = 4; lastKnownFileType = sourcecode.c.objc; path = SMPParablesVC.m; sourceTree = "<group>"; };
		BE14514518CE2D9700E6ED45 /* SMPWPCDetailsVC.h */ = {isa = PBXFileReference; fileEncoding = 4; lastKnownFileType = sourcecode.c.h; path = SMPWPCDetailsVC.h; sourceTree = "<group>"; };
		BE14514618CE2D9700E6ED45 /* SMPWPCDetailsVC.m */ = {isa = PBXFileReference; fileEncoding = 4; lastKnownFileType = sourcecode.c.objc; path = SMPWPCDetailsVC.m; sourceTree = "<group>"; };
		BE14514818CE2E0500E6ED45 /* SMPParablesDetailsVC.h */ = {isa = PBXFileReference; fileEncoding = 4; lastKnownFileType = sourcecode.c.h; path = SMPParablesDetailsVC.h; sourceTree = "<group>"; };
		BE14514918CE2E0500E6ED45 /* SMPParablesDetailsVC.m */ = {isa = PBXFileReference; fileEncoding = 4; lastKnownFileType = sourcecode.c.objc; path = SMPParablesDetailsVC.m; sourceTree = "<group>"; };
		BE14514B18CE3A7900E6ED45 /* TriniDict.h */ = {isa = PBXFileReference; fileEncoding = 4; lastKnownFileType = sourcecode.c.h; name = TriniDict.h; path = ../TriniDict.h; sourceTree = "<group>"; };
		BE14514C18CE3A7900E6ED45 /* TriniDict.m */ = {isa = PBXFileReference; fileEncoding = 4; lastKnownFileType = sourcecode.c.objc; name = TriniDict.m; path = ../TriniDict.m; sourceTree = "<group>"; };
		BE30EB1918D29CBD00C00D7E /* Trini_Speak_Lite.sqlite */ = {isa = PBXFileReference; lastKnownFileType = file; path = Trini_Speak_Lite.sqlite; sourceTree = "<group>"; };
		BE52523A18D6312C00D5DEEC /* iAd.framework */ = {isa = PBXFileReference; lastKnownFileType = wrapper.framework; name = iAd.framework; path = System/Library/Frameworks/iAd.framework; sourceTree = SDKROOT; };
/* End PBXFileReference section */

/* Begin PBXFrameworksBuildPhase section */
		BE1450F118CE0A3000E6ED45 /* Frameworks */ = {
			isa = PBXFrameworksBuildPhase;
			buildActionMask = 2147483647;
			files = (
				BE28AC1218E75C27006F4294 /* iAd.framework in Frameworks */,
				BE1450FA18CE0A3000E6ED45 /* CoreGraphics.framework in Frameworks */,
				BE1450FE18CE0A3000E6ED45 /* CoreData.framework in Frameworks */,
				BE1450FC18CE0A3000E6ED45 /* UIKit.framework in Frameworks */,
				BE1450F818CE0A3000E6ED45 /* Foundation.framework in Frameworks */,
			);
			runOnlyForDeploymentPostprocessing = 0;
		};
		BE14511118CE0A3100E6ED45 /* Frameworks */ = {
			isa = PBXFrameworksBuildPhase;
			buildActionMask = 2147483647;
			files = (
				BE14511618CE0A3100E6ED45 /* XCTest.framework in Frameworks */,
				BE14511918CE0A3100E6ED45 /* CoreData.framework in Frameworks */,
				BE14511818CE0A3100E6ED45 /* UIKit.framework in Frameworks */,
				BE14511718CE0A3100E6ED45 /* Foundation.framework in Frameworks */,
			);
			runOnlyForDeploymentPostprocessing = 0;
		};
/* End PBXFrameworksBuildPhase section */

/* Begin PBXGroup section */
		BE1450EB18CE0A3000E6ED45 = {
			isa = PBXGroup;
			children = (
				BE1450FF18CE0A3000E6ED45 /* Trini Speak Lite */,
				BE14511C18CE0A3100E6ED45 /* Trini Speak LiteTests */,
				BE1450F618CE0A3000E6ED45 /* Frameworks */,
				BE1450F518CE0A3000E6ED45 /* Products */,
			);
			sourceTree = "<group>";
		};
		BE1450F518CE0A3000E6ED45 /* Products */ = {
			isa = PBXGroup;
			children = (
				BE1450F418CE0A3000E6ED45 /* Trini Speak Lite.app */,
				BE14511418CE0A3100E6ED45 /* Trini Speak LiteTests.xctest */,
			);
			name = Products;
			sourceTree = "<group>";
		};
		BE1450F618CE0A3000E6ED45 /* Frameworks */ = {
			isa = PBXGroup;
			children = (
				BE52523A18D6312C00D5DEEC /* iAd.framework */,
				BE1450F718CE0A3000E6ED45 /* Foundation.framework */,
				BE1450F918CE0A3000E6ED45 /* CoreGraphics.framework */,
				BE1450FB18CE0A3000E6ED45 /* UIKit.framework */,
				BE1450FD18CE0A3000E6ED45 /* CoreData.framework */,
				BE14511518CE0A3100E6ED45 /* XCTest.framework */,
			);
			name = Frameworks;
			sourceTree = "<group>";
		};
		BE1450FF18CE0A3000E6ED45 /* Trini Speak Lite */ = {
			isa = PBXGroup;
			children = (
				BE14510818CE0A3000E6ED45 /* SMPAppDelegate.h */,
				BE14510918CE0A3000E6ED45 /* SMPAppDelegate.m */,
				BE14514B18CE3A7900E6ED45 /* TriniDict.h */,
				BE14514C18CE3A7900E6ED45 /* TriniDict.m */,
				BE14512C18CE0CDF00E6ED45 /* MainSB.storyboard */,
				BE14513618CE1A0100E6ED45 /* SMPOpeningVC.h */,
				BE14513718CE1A0100E6ED45 /* SMPOpeningVC.m */,
				BE14513918CE1CF200E6ED45 /* SMPLetterVC.h */,
				BE14513A18CE1CF200E6ED45 /* SMPLetterVC.m */,
				BE14514218CE29ED00E6ED45 /* SMPParablesVC.h */,
				BE14514318CE29ED00E6ED45 /* SMPParablesVC.m */,
				BE14514518CE2D9700E6ED45 /* SMPWPCDetailsVC.h */,
				BE14514618CE2D9700E6ED45 /* SMPWPCDetailsVC.m */,
				BE14514818CE2E0500E6ED45 /* SMPParablesDetailsVC.h */,
				BE14514918CE2E0500E6ED45 /* SMPParablesDetailsVC.m */,
				BE14510E18CE0A3000E6ED45 /* Images.xcassets */,
				BE14510B18CE0A3000E6ED45 /* Trini_Speak_Lite.xcdatamodeld */,
				BE14510018CE0A3000E6ED45 /* Supporting Files */,
			);
			path = "Trini Speak Lite";
			sourceTree = "<group>";
		};
		BE14510018CE0A3000E6ED45 /* Supporting Files */ = {
			isa = PBXGroup;
			children = (
				BE30EB1918D29CBD00C00D7E /* Trini_Speak_Lite.sqlite */,
				BE14513418CE176B00E6ED45 /* MokoJumbies.jpg */,
				BE14510118CE0A3000E6ED45 /* Trini Speak Lite-Info.plist */,
				BE14510218CE0A3000E6ED45 /* InfoPlist.strings */,
				BE14510518CE0A3000E6ED45 /* main.m */,
				BE14510718CE0A3000E6ED45 /* Trini Speak Lite-Prefix.pch */,
			);
			name = "Supporting Files";
			sourceTree = "<group>";
		};
		BE14511C18CE0A3100E6ED45 /* Trini Speak LiteTests */ = {
			isa = PBXGroup;
			children = (
				BE14512218CE0A3100E6ED45 /* Trini_Speak_LiteTests.m */,
				BE14511D18CE0A3100E6ED45 /* Supporting Files */,
			);
			path = "Trini Speak LiteTests";
			sourceTree = "<group>";
		};
		BE14511D18CE0A3100E6ED45 /* Supporting Files */ = {
			isa = PBXGroup;
			children = (
				BE14511E18CE0A3100E6ED45 /* Trini Speak LiteTests-Info.plist */,
				BE14511F18CE0A3100E6ED45 /* InfoPlist.strings */,
			);
			name = "Supporting Files";
			sourceTree = "<group>";
		};
/* End PBXGroup section */

/* Begin PBXNativeTarget section */
		BE1450F318CE0A3000E6ED45 /* Trini Speak Lite */ = {
			isa = PBXNativeTarget;
			buildConfigurationList = BE14512618CE0A3100E6ED45 /* Build configuration list for PBXNativeTarget "Trini Speak Lite" */;
			buildPhases = (
				BE1450F018CE0A3000E6ED45 /* Sources */,
				BE1450F118CE0A3000E6ED45 /* Frameworks */,
				BE1450F218CE0A3000E6ED45 /* Resources */,
			);
			buildRules = (
			);
			dependencies = (
			);
			name = "Trini Speak Lite";
			productName = "Trini Speak Lite";
			productReference = BE1450F418CE0A3000E6ED45 /* Trini Speak Lite.app */;
			productType = "com.apple.product-type.application";
		};
		BE14511318CE0A3100E6ED45 /* Trini Speak LiteTests */ = {
			isa = PBXNativeTarget;
			buildConfigurationList = BE14512918CE0A3100E6ED45 /* Build configuration list for PBXNativeTarget "Trini Speak LiteTests" */;
			buildPhases = (
				BE14511018CE0A3100E6ED45 /* Sources */,
				BE14511118CE0A3100E6ED45 /* Frameworks */,
				BE14511218CE0A3100E6ED45 /* Resources */,
			);
			buildRules = (
			);
			dependencies = (
				BE14511B18CE0A3100E6ED45 /* PBXTargetDependency */,
			);
			name = "Trini Speak LiteTests";
			productName = "Trini Speak LiteTests";
			productReference = BE14511418CE0A3100E6ED45 /* Trini Speak LiteTests.xctest */;
			productType = "com.apple.product-type.bundle.unit-test";
		};
/* End PBXNativeTarget section */

/* Begin PBXProject section */
		BE1450EC18CE0A3000E6ED45 /* Project object */ = {
			isa = PBXProject;
			attributes = {
				CLASSPREFIX = SMP;
				LastUpgradeCheck = 0510;
				ORGANIZATIONNAME = "Sylvan Mortimer Price";
				TargetAttributes = {
					BE1450F318CE0A3000E6ED45 = {
						DevelopmentTeam = K3A2MM7JH9;
					};
					BE14511318CE0A3100E6ED45 = {
						TestTargetID = BE1450F318CE0A3000E6ED45;
					};
				};
			};
			buildConfigurationList = BE1450EF18CE0A3000E6ED45 /* Build configuration list for PBXProject "Trini Speak Lite" */;
			compatibilityVersion = "Xcode 3.2";
			developmentRegion = English;
			hasScannedForEncodings = 0;
			knownRegions = (
				en,
			);
			mainGroup = BE1450EB18CE0A3000E6ED45;
			productRefGroup = BE1450F518CE0A3000E6ED45 /* Products */;
			projectDirPath = "";
			projectRoot = "";
			targets = (
				BE1450F318CE0A3000E6ED45 /* Trini Speak Lite */,
				BE14511318CE0A3100E6ED45 /* Trini Speak LiteTests */,
			);
		};
/* End PBXProject section */

/* Begin PBXResourcesBuildPhase section */
		BE1450F218CE0A3000E6ED45 /* Resources */ = {
			isa = PBXResourcesBuildPhase;
			buildActionMask = 2147483647;
			files = (
				BE14510418CE0A3000E6ED45 /* InfoPlist.strings in Resources */,
				BE30EB1A18D29CBD00C00D7E /* Trini_Speak_Lite.sqlite in Resources */,
				BE14510F18CE0A3000E6ED45 /* Images.xcassets in Resources */,
				BE14512D18CE0CDF00E6ED45 /* MainSB.storyboard in Resources */,
				BE14513518CE176B00E6ED45 /* MokoJumbies.jpg in Resources */,
			);
			runOnlyForDeploymentPostprocessing = 0;
		};
		BE14511218CE0A3100E6ED45 /* Resources */ = {
			isa = PBXResourcesBuildPhase;
			buildActionMask = 2147483647;
			files = (
				BE14512118CE0A3100E6ED45 /* InfoPlist.strings in Resources */,
			);
			runOnlyForDeploymentPostprocessing = 0;
		};
/* End PBXResourcesBuildPhase section */

/* Begin PBXSourcesBuildPhase section */
		BE1450F018CE0A3000E6ED45 /* Sources */ = {
			isa = PBXSourcesBuildPhase;
			buildActionMask = 2147483647;
			files = (
				BE14514A18CE2E0500E6ED45 /* SMPParablesDetailsVC.m in Sources */,
				BE14513818CE1A0100E6ED45 /* SMPOpeningVC.m in Sources */,
				BE14510618CE0A3000E6ED45 /* main.m in Sources */,
				BE14513B18CE1CF200E6ED45 /* SMPLetterVC.m in Sources */,
				BE14514418CE29ED00E6ED45 /* SMPParablesVC.m in Sources */,
				BE14514718CE2D9700E6ED45 /* SMPWPCDetailsVC.m in Sources */,
				BE14514D18CE3A7900E6ED45 /* TriniDict.m in Sources */,
				BE14510A18CE0A3000E6ED45 /* SMPAppDelegate.m in Sources */,
				BE14510D18CE0A3000E6ED45 /* Trini_Speak_Lite.xcdatamodeld in Sources */,
			);
			runOnlyForDeploymentPostprocessing = 0;
		};
		BE14511018CE0A3100E6ED45 /* Sources */ = {
			isa = PBXSourcesBuildPhase;
			buildActionMask = 2147483647;
			files = (
				BE14512318CE0A3100E6ED45 /* Trini_Speak_LiteTests.m in Sources */,
			);
			runOnlyForDeploymentPostprocessing = 0;
		};
/* End PBXSourcesBuildPhase section */

/* Begin PBXTargetDependency section */
		BE14511B18CE0A3100E6ED45 /* PBXTargetDependency */ = {
			isa = PBXTargetDependency;
			target = BE1450F318CE0A3000E6ED45 /* Trini Speak Lite */;
			targetProxy = BE14511A18CE0A3100E6ED45 /* PBXContainerItemProxy */;
		};
/* End PBXTargetDependency section */

/* Begin PBXVariantGroup section */
		BE14510218CE0A3000E6ED45 /* InfoPlist.strings */ = {
			isa = PBXVariantGroup;
			children = (
				BE14510318CE0A3000E6ED45 /* en */,
			);
			name = InfoPlist.strings;
			sourceTree = "<group>";
		};
		BE14511F18CE0A3100E6ED45 /* InfoPlist.strings */ = {
			isa = PBXVariantGroup;
			children = (
				BE14512018CE0A3100E6ED45 /* en */,
			);
			name = InfoPlist.strings;
			sourceTree = "<group>";
		};
/* End PBXVariantGroup section */

/* Begin XCBuildConfiguration section */
		BE14512418CE0A3100E6ED45 /* Debug */ = {
			isa = XCBuildConfiguration;
			buildSettings = {
				ALWAYS_SEARCH_USER_PATHS = NO;
				CLANG_CXX_LANGUAGE_STANDARD = "gnu++0x";
				CLANG_CXX_LIBRARY = "libc++";
				CLANG_ENABLE_MODULES = YES;
				CLANG_ENABLE_OBJC_ARC = YES;
				CLANG_WARN_BOOL_CONVERSION = YES;
				CLANG_WARN_CONSTANT_CONVERSION = YES;
				CLANG_WARN_DIRECT_OBJC_ISA_USAGE = YES_ERROR;
				CLANG_WARN_EMPTY_BODY = YES;
				CLANG_WARN_ENUM_CONVERSION = YES;
				CLANG_WARN_INT_CONVERSION = YES;
				CLANG_WARN_OBJC_ROOT_CLASS = YES_ERROR;
				CLANG_WARN__DUPLICATE_METHOD_MATCH = YES;
				"CODE_SIGN_IDENTITY[sdk=iphoneos*]" = "iPhone Developer";
				COPY_PHASE_STRIP = NO;
				GCC_C_LANGUAGE_STANDARD = gnu99;
				GCC_DYNAMIC_NO_PIC = NO;
				GCC_OPTIMIZATION_LEVEL = 0;
				GCC_PREPROCESSOR_DEFINITIONS = (
					"DEBUG=1",
					"$(inherited)",
				);
				GCC_SYMBOLS_PRIVATE_EXTERN = NO;
				GCC_WARN_64_TO_32_BIT_CONVERSION = YES;
				GCC_WARN_ABOUT_RETURN_TYPE = YES_ERROR;
				GCC_WARN_UNDECLARED_SELECTOR = YES;
				GCC_WARN_UNINITIALIZED_AUTOS = YES;
				GCC_WARN_UNUSED_FUNCTION = YES;
				GCC_WARN_UNUSED_VARIABLE = YES;
				IPHONEOS_DEPLOYMENT_TARGET = 7.0;
				ONLY_ACTIVE_ARCH = YES;
				SDKROOT = iphoneos;
			};
			name = Debug;
		};
		BE14512518CE0A3100E6ED45 /* Release */ = {
			isa = XCBuildConfiguration;
			buildSettings = {
				ALWAYS_SEARCH_USER_PATHS = NO;
				CLANG_CXX_LANGUAGE_STANDARD = "gnu++0x";
				CLANG_CXX_LIBRARY = "libc++";
				CLANG_ENABLE_MODULES = YES;
				CLANG_ENABLE_OBJC_ARC = YES;
				CLANG_WARN_BOOL_CONVERSION = YES;
				CLANG_WARN_CONSTANT_CONVERSION = YES;
				CLANG_WARN_DIRECT_OBJC_ISA_USAGE = YES_ERROR;
				CLANG_WARN_EMPTY_BODY = YES;
				CLANG_WARN_ENUM_CONVERSION = YES;
				CLANG_WARN_INT_CONVERSION = YES;
				CLANG_WARN_OBJC_ROOT_CLASS = YES_ERROR;
				CLANG_WARN__DUPLICATE_METHOD_MATCH = YES;
				"CODE_SIGN_IDENTITY[sdk=iphoneos*]" = "iPhone Developer";
				COPY_PHASE_STRIP = YES;
				ENABLE_NS_ASSERTIONS = NO;
				GCC_C_LANGUAGE_STANDARD = gnu99;
				GCC_WARN_64_TO_32_BIT_CONVERSION = YES;
				GCC_WARN_ABOUT_RETURN_TYPE = YES_ERROR;
				GCC_WARN_UNDECLARED_SELECTOR = YES;
				GCC_WARN_UNINITIALIZED_AUTOS = YES;
				GCC_WARN_UNUSED_FUNCTION = YES;
				GCC_WARN_UNUSED_VARIABLE = YES;
				IPHONEOS_DEPLOYMENT_TARGET = 7.0;
				SDKROOT = iphoneos;
				VALIDATE_PRODUCT = YES;
			};
			name = Release;
		};
		BE14512718CE0A3100E6ED45 /* Debug */ = {
			isa = XCBuildConfiguration;
			buildSettings = {
				ASSETCATALOG_COMPILER_APPICON_NAME = AppIcon;
				ASSETCATALOG_COMPILER_LAUNCHIMAGE_NAME = LaunchImage;
				CODE_SIGN_IDENTITY = "iPhone Developer";
				"CODE_SIGN_IDENTITY[sdk=iphoneos*]" = "iPhone Developer";
				GCC_PRECOMPILE_PREFIX_HEADER = YES;
				GCC_PREFIX_HEADER = "Trini Speak Lite/Trini Speak Lite-Prefix.pch";
				INFOPLIST_FILE = "Trini Speak Lite/Trini Speak Lite-Info.plist";
				PRODUCT_NAME = "$(TARGET_NAME)";
				PROVISIONING_PROFILE = "";
				WRAPPER_EXTENSION = app;
			};
			name = Debug;
		};
		BE14512818CE0A3100E6ED45 /* Release */ = {
			isa = XCBuildConfiguration;
			buildSettings = {
				ASSETCATALOG_COMPILER_APPICON_NAME = AppIcon;
				ASSETCATALOG_COMPILER_LAUNCHIMAGE_NAME = LaunchImage;
				CODE_SIGN_IDENTITY = "iPhone Developer";
				"CODE_SIGN_IDENTITY[sdk=iphoneos*]" = "iPhone Developer";
				GCC_PRECOMPILE_PREFIX_HEADER = YES;
				GCC_PREFIX_HEADER = "Trini Speak Lite/Trini Speak Lite-Prefix.pch";
				INFOPLIST_FILE = "Trini Speak Lite/Trini Speak Lite-Info.plist";
				PRODUCT_NAME = "$(TARGET_NAME)";
				PROVISIONING_PROFILE = "";
				WRAPPER_EXTENSION = app;
			};
			name = Release;
		};
		BE14512A18CE0A3100E6ED45 /* Debug */ = {
			isa = XCBuildConfiguration;
			buildSettings = {
				BUNDLE_LOADER = "$(BUILT_PRODUCTS_DIR)/Trini Speak Lite.app/Trini Speak Lite";
				FRAMEWORK_SEARCH_PATHS = (
					"$(SDKROOT)/Developer/Library/Frameworks",
					"$(inherited)",
					"$(DEVELOPER_FRAMEWORKS_DIR)",
				);
				GCC_PRECOMPILE_PREFIX_HEADER = YES;
				GCC_PREFIX_HEADER = "Trini Speak Lite/Trini Speak Lite-Prefix.pch";
				GCC_PREPROCESSOR_DEFINITIONS = (
					"DEBUG=1",
					"$(inherited)",
				);
				INFOPLIST_FILE = "Trini Speak LiteTests/Trini Speak LiteTests-Info.plist";
				PRODUCT_NAME = "$(TARGET_NAME)";
				TEST_HOST = "$(BUNDLE_LOADER)";
				WRAPPER_EXTENSION = xctest;
			};
			name = Debug;
		};
		BE14512B18CE0A3100E6ED45 /* Release */ = {
			isa = XCBuildConfiguration;
			buildSettings = {
				BUNDLE_LOADER = "$(BUILT_PRODUCTS_DIR)/Trini Speak Lite.app/Trini Speak Lite";
				FRAMEWORK_SEARCH_PATHS = (
					"$(SDKROOT)/Developer/Library/Frameworks",
					"$(inherited)",
					"$(DEVELOPER_FRAMEWORKS_DIR)",
				);
				GCC_PRECOMPILE_PREFIX_HEADER = YES;
				GCC_PREFIX_HEADER = "Trini Speak Lite/Trini Speak Lite-Prefix.pch";
				INFOPLIST_FILE = "Trini Speak LiteTests/Trini Speak LiteTests-Info.plist";
				PRODUCT_NAME = "$(TARGET_NAME)";
				TEST_HOST = "$(BUNDLE_LOADER)";
				WRAPPER_EXTENSION = xctest;
			};
			name = Release;
		};
/* End XCBuildConfiguration section */

/* Begin XCConfigurationList section */
		BE1450EF18CE0A3000E6ED45 /* Build configuration list for PBXProject "Trini Speak Lite" */ = {
			isa = XCConfigurationList;
			buildConfigurations = (
				BE14512418CE0A3100E6ED45 /* Debug */,
				BE14512518CE0A3100E6ED45 /* Release */,
			);
			defaultConfigurationIsVisible = 0;
			defaultConfigurationName = Release;
		};
		BE14512618CE0A3100E6ED45 /* Build configuration list for PBXNativeTarget "Trini Speak Lite" */ = {
			isa = XCConfigurationList;
			buildConfigurations = (
				BE14512718CE0A3100E6ED45 /* Debug */,
				BE14512818CE0A3100E6ED45 /* Release */,
			);
			defaultConfigurationIsVisible = 0;
			defaultConfigurationName = Release;
		};
		BE14512918CE0A3100E6ED45 /* Build configuration list for PBXNativeTarget "Trini Speak LiteTests" */ = {
			isa = XCConfigurationList;
			buildConfigurations = (
				BE14512A18CE0A3100E6ED45 /* Debug */,
				BE14512B18CE0A3100E6ED45 /* Release */,
			);
			defaultConfigurationIsVisible = 0;
			defaultConfigurationName = Release;
		};
/* End XCConfigurationList section */

/* Begin XCVersionGroup section */
		BE14510B18CE0A3000E6ED45 /* Trini_Speak_Lite.xcdatamodeld */ = {
			isa = XCVersionGroup;
			children = (
				BE14510C18CE0A3000E6ED45 /* Trini_Speak_Lite.xcdatamodel */,
			);
			currentVersion = BE14510C18CE0A3000E6ED45 /* Trini_Speak_Lite.xcdatamodel */;
			path = Trini_Speak_Lite.xcdatamodeld;
			sourceTree = "<group>";
			versionGroupType = wrapper.xcdatamodel;
		};
/* End XCVersionGroup section */
	};
	rootObject = BE1450EC18CE0A3000E6ED45 /* Project object */;
}
